
Microsoft Visual Studio Solution File, Format Version 12.00
# Visual Studio Version 16
VisualStudioVersion = 16.0.31702.278
MinimumVisualStudioVersion = 10.0.40219.1
Project("{FAE04EC0-301F-11D3-BF4B-00C04F79EFBC}") = "Lab4", "Lab4\Lab4.csproj", "{B9E8F6CD-B37B-4ED8-847B-10D0BEEDE80C}"
EndProject
Global
	GlobalSection(SolutionConfigurationPlatforms) = preSolution
		Debug|Any CPU = Debug|Any CPU
		Release|Any CPU = Release|Any CPU
	EndGlobalSection
	GlobalSection(ProjectConfigurationPlatforms) = postSolution
		{B9E8F6CD-B37B-4ED8-847B-10D0BEEDE80C}.Debug|Any CPU.ActiveCfg = Debug|Any CPU
		{B9E8F6CD-B37B-4ED8-847B-10D0BEEDE80C}.Debug|Any CPU.Build.0 = Debug|Any CPU
		{B9E8F6CD-B37B-4ED8-847B-10D0BEEDE80C}.Release|Any CPU.ActiveCfg = Release|Any CPU
		{B9E8F6CD-B37B-4ED8-847B-10D0BEEDE80C}.Release|Any CPU.Build.0 = Release|Any CPU
	EndGlobalSection
	GlobalSection(SolutionProperties) = preSolution
		HideSolutionNode = FALSE
	EndGlobalSection
	GlobalSection(ExtensibilityGlobals) = postSolution
		SolutionGuid = {C046CB99-E447-4C7F-A88B-21EFA6737DF9}
	EndGlobalSection
EndGlobal
